
Microsoft Visual Studio Solution File, Format Version 12.00
# Visual Studio Version 16
VisualStudioVersion = 16.0.31410.357
MinimumVisualStudioVersion = 10.0.40219.1
Project("{FAE04EC0-301F-11D3-BF4B-00C04F79EFBC}") = "AccessControlServer", "AccessControlServer.csproj", "{FABD22D8-F6B8-4062-A755-D459178A4F07}"
EndProject
Global
	GlobalSection(SolutionConfigurationPlatforms) = preSolution
		Debug|Any CPU = Debug|Any CPU
		Release|Any CPU = Release|Any CPU
	EndGlobalSection
	GlobalSection(ProjectConfigurationPlatforms) = postSolution
		{FABD22D8-F6B8-4062-A755-D459178A4F07}.Debug|Any CPU.ActiveCfg = Debug|Any CPU
		{FABD22D8-F6B8-4062-A755-D459178A4F07}.Debug|Any CPU.Build.0 = Debug|Any CPU
		{FABD22D8-F6B8-4062-A755-D459178A4F07}.Release|Any CPU.ActiveCfg = Release|Any CPU
		{FABD22D8-F6B8-4062-A755-D459178A4F07}.Release|Any CPU.Build.0 = Release|Any CPU
	EndGlobalSection
	GlobalSection(SolutionProperties) = preSolution
		HideSolutionNode = FALSE
	EndGlobalSection
	GlobalSection(ExtensibilityGlobals) = postSolution
		SolutionGuid = {806F0CC1-7796-4544-93A3-0C7B6E4A1D29}
	EndGlobalSection
EndGlobal
